
Microsoft Visual Studio Solution File, Format Version 12.00
# Visual Studio Version 17
VisualStudioVersion = 17.10.35027.167
MinimumVisualStudioVersion = 10.0.40219.1
Project("{FAE04EC0-301F-11D3-BF4B-00C04F79EFBC}") = "SportsStore.Infrastructure", "SportsStore.Infrastructure\SportsStore.Infrastructure.csproj", "{BEEBF894-C028-49F5-9705-651AA4CA9303}"
EndProject
Project("{FAE04EC0-301F-11D3-BF4B-00C04F79EFBC}") = "SportsStore.Domain", "SportsStore.Domain\SportsStore.Domain.csproj", "{78551EBC-C58B-42C7-B813-34920119C585}"
EndProject
Project("{FAE04EC0-301F-11D3-BF4B-00C04F79EFBC}") = "SportsStore.WebUI", "SportsStore.WebUI\SportsStore.WebUI.csproj", "{A27F8B8D-4251-4088-950F-A8A824145906}"
EndProject
Global
	GlobalSection(SolutionConfigurationPlatforms) = preSolution
		Debug|Any CPU = Debug|Any CPU
		Release|Any CPU = Release|Any CPU
	EndGlobalSection
	GlobalSection(ProjectConfigurationPlatforms) = postSolution
		{BEEBF894-C028-49F5-9705-651AA4CA9303}.Debug|Any CPU.ActiveCfg = Debug|Any CPU
		{BEEBF894-C028-49F5-9705-651AA4CA9303}.Debug|Any CPU.Build.0 = Debug|Any CPU
		{BEEBF894-C028-49F5-9705-651AA4CA9303}.Release|Any CPU.ActiveCfg = Release|Any CPU
		{BEEBF894-C028-49F5-9705-651AA4CA9303}.Release|Any CPU.Build.0 = Release|Any CPU
		{78551EBC-C58B-42C7-B813-34920119C585}.Debug|Any CPU.ActiveCfg = Debug|Any CPU
		{78551EBC-C58B-42C7-B813-34920119C585}.Debug|Any CPU.Build.0 = Debug|Any CPU
		{78551EBC-C58B-42C7-B813-34920119C585}.Release|Any CPU.ActiveCfg = Release|Any CPU
		{78551EBC-C58B-42C7-B813-34920119C585}.Release|Any CPU.Build.0 = Release|Any CPU
		{A27F8B8D-4251-4088-950F-A8A824145906}.Debug|Any CPU.ActiveCfg = Debug|Any CPU
		{A27F8B8D-4251-4088-950F-A8A824145906}.Debug|Any CPU.Build.0 = Debug|Any CPU
		{A27F8B8D-4251-4088-950F-A8A824145906}.Release|Any CPU.ActiveCfg = Release|Any CPU
		{A27F8B8D-4251-4088-950F-A8A824145906}.Release|Any CPU.Build.0 = Release|Any CPU
	EndGlobalSection
	GlobalSection(SolutionProperties) = preSolution
		HideSolutionNode = FALSE
	EndGlobalSection
	GlobalSection(ExtensibilityGlobals) = postSolution
		SolutionGuid = {4ED178BD-14FE-4FE3-88BB-E0C8A4D005B1}
	EndGlobalSection
EndGlobal
